# This file is automatically @generated by Cargo.
# It is not intended for manual editing.
[[package]]
name = "katjing"
version = "0.1.0"
dependencies = [
 "paste 0.1.5 (registry+https://github.com/rust-lang/crates.io-index)",
]

[[package]]
name = "paste"
version = "0.1.5"
source = "registry+https://github.com/rust-lang/crates.io-index"
dependencies = [
 "paste-impl 0.1.5 (registry+https://github.com/rust-lang/crates.io-index)",
 "proc-macro-hack 0.5.4 (registry+https://github.com/rust-lang/crates.io-index)",
]

[[package]]
name = "paste-impl"
version = "0.1.5"
source = "registry+https://github.com/rust-lang/crates.io-index"
dependencies = [
 "proc-macro-hack 0.5.4 (registry+https://github.com/rust-lang/crates.io-index)",
 "proc-macro2 0.4.27 (registry+https://github.com/rust-lang/crates.io-index)",
 "quote 0.6.12 (registry+https://github.com/rust-lang/crates.io-index)",
 "syn 0.15.31 (registry+https://github.com/rust-lang/crates.io-index)",
]

[[package]]
name = "proc-macro-hack"
version = "0.5.4"
source = "registry+https://github.com/rust-lang/crates.io-index"
dependencies = [
 "proc-macro2 0.4.27 (registry+https://github.com/rust-lang/crates.io-index)",
 "quote 0.6.12 (registry+https://github.com/rust-lang/crates.io-index)",
 "syn 0.15.31 (registry+https://github.com/rust-lang/crates.io-index)",
]

[[package]]
name = "proc-macro2"
version = "0.4.27"
source = "registry+https://github.com/rust-lang/crates.io-index"
dependencies = [
 "unicode-xid 0.1.0 (registry+https://github.com/rust-lang/crates.io-index)",
]

[[package]]
name = "quote"
version = "0.6.12"
source = "registry+https://github.com/rust-lang/crates.io-index"
dependencies = [
 "proc-macro2 0.4.27 (registry+https://github.com/rust-lang/crates.io-index)",
]

[[package]]
name = "syn"
version = "0.15.31"
source = "registry+https://github.com/rust-lang/crates.io-index"
dependencies = [
 "proc-macro2 0.4.27 (registry+https://github.com/rust-lang/crates.io-index)",
 "quote 0.6.12 (registry+https://github.com/rust-lang/crates.io-index)",
 "unicode-xid 0.1.0 (registry+https://github.com/rust-lang/crates.io-index)",
]

[[package]]
name = "unicode-xid"
version = "0.1.0"
source = "registry+https://github.com/rust-lang/crates.io-index"

[metadata]
"checksum paste 0.1.5 (registry+https://github.com/rust-lang/crates.io-index)" = "1f4a4a1c555c6505821f9d58b8779d0f630a6b7e4e1be24ba718610acf01fa79"
"checksum paste-impl 0.1.5 (registry+https://github.com/rust-lang/crates.io-index)" = "26e796e623b8b257215f27e6c80a5478856cae305f5b59810ff9acdaa34570e6"
"checksum proc-macro-hack 0.5.4 (registry+https://github.com/rust-lang/crates.io-index)" = "3e90aa19cd73dedc2d0e1e8407473f073d735fef0ab521438de6da8ee449ab66"
"checksum proc-macro2 0.4.27 (registry+https://github.com/rust-lang/crates.io-index)" = "4d317f9caece796be1980837fd5cb3dfec5613ebdb04ad0956deea83ce168915"
"checksum quote 0.6.12 (registry+https://github.com/rust-lang/crates.io-index)" = "faf4799c5d274f3868a4aae320a0a182cbd2baee377b378f080e16a23e9d80db"
"checksum syn 0.15.31 (registry+https://github.com/rust-lang/crates.io-index)" = "d2b4cfac95805274c6afdb12d8f770fa2d27c045953e7b630a81801953699a9a"
"checksum unicode-xid 0.1.0 (registry+https://github.com/rust-lang/crates.io-index)" = "fc72304796d0818e357ead4e000d19c9c174ab23dc11093ac919054d20a6a7fc"
